
Microsoft Visual Studio Solution File, Format Version 12.00
# Visual Studio Version 17
VisualStudioVersion = 17.6.33829.357
MinimumVisualStudioVersion = 10.0.40219.1
Project("{FAE04EC0-301F-11D3-BF4B-00C04F79EFBC}") = "Calculadora", "Calculadora\Calculadora.csproj", "{18CAEDEB-EB34-4B7A-93C0-FF82CE3B15B9}"
EndProject
Global
	GlobalSection(SolutionConfigurationPlatforms) = preSolution
		Debug|Any CPU = Debug|Any CPU
		Release|Any CPU = Release|Any CPU
	EndGlobalSection
	GlobalSection(ProjectConfigurationPlatforms) = postSolution
		{18CAEDEB-EB34-4B7A-93C0-FF82CE3B15B9}.Debug|Any CPU.ActiveCfg = Debug|Any CPU
		{18CAEDEB-EB34-4B7A-93C0-FF82CE3B15B9}.Debug|Any CPU.Build.0 = Debug|Any CPU
		{18CAEDEB-EB34-4B7A-93C0-FF82CE3B15B9}.Release|Any CPU.ActiveCfg = Release|Any CPU
		{18CAEDEB-EB34-4B7A-93C0-FF82CE3B15B9}.Release|Any CPU.Build.0 = Release|Any CPU
	EndGlobalSection
	GlobalSection(SolutionProperties) = preSolution
		HideSolutionNode = FALSE
	EndGlobalSection
	GlobalSection(ExtensibilityGlobals) = postSolution
		SolutionGuid = {1C464FD5-465D-4181-BBE7-C4A439044F67}
	EndGlobalSection
EndGlobal
